{
  "pins" : [
    {
      "identity" : "posthog-ios",
      "kind" : "remoteSourceControl",
      "location" : "https://github.com/PostHog/posthog-ios.git",
      "state" : {
        "revision" : "1c2e98eb20aa9218be12a9fded58e22cc8451514",
        "version" : "3.29.0"
      }
    }
  ],
  "version" : 2
}
